{
  "name": "soundbase-plugin-plugin-test",
  "version": "0.9.0",
  "lockfileVersion": 3,
  "requires": true,
  "packages": {
    "": {
      "name": "soundbase-plugin-plugin-test",
      "version": "0.9.0",
      "license": "BUSL-1.1",
      "dependencies": {
        "@soundbase/plugin-contract": "^0.7.0",
        "@soundbase/plugin-shell": "^0.7.0"
      },
      "engines": {
        "node": ">=20"
      }
    },
    "node_modules/@soundbase/plugin-contract": {
      "version": "0.7.0",
      "resolved": "https://registry.npmjs.org/@soundbase/plugin-contract/-/plugin-contract-0.7.0.tgz",
      "integrity": "sha512-wq+cB86JtW8aPwbaQ+zf9iLRuo7ZL81SDLeWC//+mak5WIPH3M7+rAv8J4TwGGB3e7nyDKu02EArBJWLdI+bqA==",
      "license": "BUSL-1.1",
      "dependencies": {
        "zod": "^4.4.3"
      },
      "engines": {
        "node": ">=20"
      }
    },
    "node_modules/@soundbase/plugin-shell": {
      "version": "0.7.0",
      "resolved": "https://registry.npmjs.org/@soundbase/plugin-shell/-/plugin-shell-0.7.0.tgz",
      "integrity": "sha512-8WANTo+vIPYN+lx4lLLpwTiwAANeS6Bk4dh7a8jypxmqXlzyUbl9LDGK6hX0yz1rHGf2FjJPY0dzeeg+5mWwUw==",
      "license": "BUSL-1.1",
      "dependencies": {
        "@soundbase/plugin-contract": "^0.7.0"
      },
      "engines": {
        "node": ">=20"
      }
    },
    "node_modules/zod": {
      "version": "4.6.1",
      "resolved": "https://registry.npmjs.org/zod/-/zod-4.6.1.tgz",
      "integrity": "sha512-341aRWQsve0rvronKNTqZpjmzdbUDlFuzHaI/XLg/Ej82qffDJRRfBTCuv7+9q/rMjB6LSLyEBnW4InJeMtt/Q==",
      "license": "MIT",
      "funding": {
        "url": "https://github.com/sponsors/colinhacks"
      }
    }
  }
}
